{
  "version": 2,
  "dependencies": {
    "net10.0": {
      "Microsoft.NET.Test.Sdk": {
        "type": "Direct",
        "requested": "[17.12.0, )",
        "resolved": "17.12.0",
        "contentHash": "kt/PKBZ91rFCWxVIJZSgVLk+YR+4KxTuHf799ho8WNiK5ZQpJNAEZCAWX86vcKrs+DiYjiibpYKdGZP6+/N17w==",
        "dependencies": {
          "Microsoft.CodeCoverage": "17.12.0",
          "Microsoft.TestPlatform.TestHost": "17.12.0"
        }
      },
      "MySql.Data": {
        "type": "Direct",
        "requested": "[9.4.0, )",
        "resolved": "9.4.0",
        "contentHash": "yGfcv5TSj72rwUdywZqtM90qlZ9AuSNckG2Fb9OxuXkskhnqi/DGBaOji9z2G4q3BgFfddbm/WmZzFfAggjbSw==",
        "dependencies": {
          "BouncyCastle.Cryptography": "2.5.1",
          "Google.Protobuf": "3.30.0",
          "K4os.Compression.LZ4.Streams": "1.3.8",
          "System.Configuration.ConfigurationManager": "8.0.0",
          "System.Security.Permissions": "8.0.0",
          "ZstdSharp.Port": "0.8.5"
        }
      },
      "xunit": {
        "type": "Direct",
        "requested": "[2.9.3, )",
        "resolved": "2.9.3",
        "contentHash": "TlXQBinK35LpOPKHAqbLY4xlEen9TBafjs0V5KnA4wZsoQLQJiirCR4CbIXvOH8NzkW4YeJKP5P/Bnrodm0h9Q==",
        "dependencies": {
          "xunit.analyzers": "1.18.0",
          "xunit.assert": "2.9.3",
          "xunit.core": "[2.9.3]"
        }
      },
      "xunit.runner.visualstudio": {
        "type": "Direct",
        "requested": "[2.8.2, )",
        "resolved": "2.8.2",
        "contentHash": "vm1tbfXhFmjFMUmS4M0J0ASXz3/U5XvXBa6DOQUL3fEz4Vt6YPhv+ESCarx6M6D+9kJkJYZKCNvJMas1+nVfmQ=="
      },
      "BouncyCastle.Cryptography": {
        "type": "Transitive",
        "resolved": "2.5.1",
        "contentHash": "zy8TMeTP+1FH2NrLaNZtdRbBdq7u5MI+NFZQOBSM69u5RFkciinwzV2eveY6Kjf5MzgsYvvl6kTStsj3JrXqkg=="
      },
      "Google.Protobuf": {
        "type": "Transitive",
        "resolved": "3.30.0",
        "contentHash": "ZnEI4oZWnHvd+Yz5Gcnx5Q5RQIuzptIzd0fmxAN8f81FYHI0USZqMOrPTkrsd/QEzo9vl2b217v9FqFgHfufQw=="
      },
      "K4os.Compression.LZ4": {
        "type": "Transitive",
        "resolved": "1.3.8",
        "contentHash": "LhwlPa7c1zs1OV2XadMtAWdImjLIsqFJPoRcIWAadSRn0Ri1DepK65UbWLPmt4riLqx2d40xjXRk0ogpqNtK7g=="
      },
      "K4os.Compression.LZ4.Streams": {
        "type": "Transitive",
        "resolved": "1.3.8",
        "contentHash": "P15qr8dZAeo9GvYbUIPEYFQ0MEJ0i5iqr37wsYeRC3la2uCldOoeCa6to0CZ1taiwxIV+Mk8NGuZi+4iWivK9w==",
        "dependencies": {
          "K4os.Compression.LZ4": "1.3.8",
          "K4os.Hash.xxHash": "1.0.8"
        }
      },
      "K4os.Hash.xxHash": {
        "type": "Transitive",
        "resolved": "1.0.8",
        "contentHash": "Wp2F7BamQ2Q/7Hk834nV9vRQapgcr8kgv9Jvfm8J3D0IhDqZMMl+a2yxUq5ltJitvXvQfB8W6K4F4fCbw/P6YQ=="
      },
      "Microsoft.Bcl.AsyncInterfaces": {
        "type": "Transitive",
        "resolved": "1.1.0",
        "contentHash": "1Am6l4Vpn3/K32daEqZI+FFr96OlZkgwK2LcT3pZ2zWubR5zTPW3/FkO1Rat9kb7oQOa4rxgl9LJHc5tspCWfg=="
      },
      "Microsoft.Bcl.HashCode": {
        "type": "Transitive",
        "resolved": "1.1.0",
        "contentHash": "J2G1k+u5unBV+aYcwxo94ip16Rkp65pgWFb0R6zwJipzWNMgvqlWeuI7/+R+e8bob66LnSG+llLJ+z8wI94cHg=="
      },
      "Microsoft.CodeCoverage": {
        "type": "Transitive",
        "resolved": "17.12.0",
        "contentHash": "4svMznBd5JM21JIG2xZKGNanAHNXplxf/kQDFfLHXQ3OnpJkayRK/TjacFjA+EYmoyuNXHo/sOETEfcYtAzIrA=="
      },
      "Microsoft.EntityFrameworkCore": {
        "type": "Transitive",
        "resolved": "3.1.1",
        "contentHash": "RtDC52x7p57sG5ajCisHSRXjqQvtJgR0wUufXWNPDZCjvoqgQcbftWdh2+ogDJ5V58Qf9uhfJQSNXr0qQ597xQ==",
        "dependencies": {
          "Microsoft.Bcl.AsyncInterfaces": "1.1.0",
          "Microsoft.Bcl.HashCode": "1.1.0",
          "Microsoft.EntityFrameworkCore.Abstractions": "3.1.1",
          "Microsoft.EntityFrameworkCore.Analyzers": "3.1.1",
          "Microsoft.Extensions.Caching.Memory": "3.1.1",
          "Microsoft.Extensions.DependencyInjection": "3.1.1",
          "Microsoft.Extensions.Logging": "3.1.1",
          "System.ComponentModel.Annotations": "4.7.0"
        }
      },
      "Microsoft.EntityFrameworkCore.Abstractions": {
        "type": "Transitive",
        "resolved": "3.1.1",
        "contentHash": "X7aqgBUGmEOhDa/PKiyTGW8NDvuMk/nbxclGsZcWbrNgwanprNq4ZZOSEL4yCNFhUY4pYFnWSwnsZcKZlEttzQ=="
      },
      "Microsoft.EntityFrameworkCore.Analyzers": {
        "type": "Transitive",
        "resolved": "3.1.1",
        "contentHash": "PrB8QZih5QMRhVjXZnwpFtgm14KU2M0ewilUIQ6W/qS7ugFBSlr1vaug2XnSdd2ODyZioc7Yypp4WNfaBIQg5Q=="
      },
      "Microsoft.EntityFrameworkCore.Relational": {
        "type": "Transitive",
        "resolved": "3.1.1",
        "contentHash": "iBt59oeV97kqI6ZkdSpnUV1cC+hCGf5xqot331waiF5d5sxksLJZghkUZOLpe4yuPg3mnngXD6bPqMsLa4II5g==",
        "dependencies": {
          "Microsoft.EntityFrameworkCore": "3.1.1"
        }
      },
      "Microsoft.Extensions.Caching.Abstractions": {
        "type": "Transitive",
        "resolved": "3.1.1",
        "contentHash": "lG9qfc7Sx8KsYSmqeEV0WleGTUrzMhNuBdmkwLCOfN/IQRb3ZorullTeoaTNIgYuYM+HQsnKa0N22Lv2BpGG/Q==",
        "dependencies": {
          "Microsoft.Extensions.Primitives": "3.1.1"
        }
      },
      "Microsoft.Extensions.Caching.Memory": {
        "type": "Transitive",
        "resolved": "3.1.1",
        "contentHash": "eXKFU6dmz+0EzhlGkVnIJsG8yUIMgSdWRqSN2zLO5IhATJu4JWgUU5vYuRO/HYMCwq8aodK6lVWN7itQXwonkQ==",
        "dependencies": {
          "Microsoft.Extensions.Caching.Abstractions": "3.1.1",
          "Microsoft.Extensions.DependencyInjection.Abstractions": "3.1.1",
          "Microsoft.Extensions.Logging.Abstractions": "3.1.1",
          "Microsoft.Extensions.Options": "3.1.1"
        }
      },
      "Microsoft.Extensions.Configuration": {
        "type": "Transitive",
        "resolved": "3.1.1",
        "contentHash": "LHbdc7ZBzKOqmvGpK1EkEqpFllPa3IOrEI7dIu+BZwr6A10zBpe2XpZHeNh87DGjEfHcAItwvh/Slah8tbnr7Q==",
        "dependencies": {
          "Microsoft.Extensions.Configuration.Abstractions": "3.1.1"
        }
      },
      "Microsoft.Extensions.Configuration.Abstractions": {
        "type": "Transitive",
        "resolved": "3.1.1",
        "contentHash": "Msu6IzxV486nNmsasJQXB/c44DiVz7FqXCjIBnvmG2M8NGaVDIQra1qff9cEEkhqa+dGH+jf3mdggm8w9eX7BQ==",
        "dependencies": {
          "Microsoft.Extensions.Primitives": "3.1.1"
        }
      },
      "Microsoft.Extensions.Configuration.Binder": {
        "type": "Transitive",
        "resolved": "3.1.1",
        "contentHash": "4J+01OANCMbFEF0bu9hID3m61emMwU2m13WXYrZDCIoxneMPWdWFzpLmsMqT8kIPgCgb2+SQ/1UAQcGCH/ASIQ==",
        "dependencies": {
          "Microsoft.Extensions.Configuration": "3.1.1"
        }
      },
      "Microsoft.Extensions.DependencyInjection": {
        "type": "Transitive",
        "resolved": "3.1.1",
        "contentHash": "Jg48cM12C8iqjpFMNXWEmJR/2jnmScV8Y8txVOayycLqHatLV2Cn4wuwj56KSOc/xVWwlWmq9Y5ebDH6awnexw==",
        "dependencies": {
          "Microsoft.Extensions.DependencyInjection.Abstractions": "3.1.1"
        }
      },
      "Microsoft.Extensions.DependencyInjection.Abstractions": {
        "type": "Transitive",
        "resolved": "8.0.0",
        "contentHash": "cjWrLkJXK0rs4zofsK4bSdg+jhDLTaxrkXu4gS6Y7MAlCvRyNNgwY/lJi5RDlQOnSZweHqoyvgvbdvQsRIW+hg=="
      },
      "Microsoft.Extensions.Logging": {
        "type": "Transitive",
        "resolved": "3.1.1",
        "contentHash": "SykGku44CIQJRM+eUzB61bGVNv0Lmgx70UAmhu1XLFXhP4I0rBSNJusfOlEpDN8T5JQsykIuM2lOd8J8nTnfAg==",
        "dependencies": {
          "Microsoft.Extensions.Configuration.Binder": "3.1.1",
          "Microsoft.Extensions.DependencyInjection": "3.1.1",
          "Microsoft.Extensions.Logging.Abstractions": "3.1.1",
          "Microsoft.Extensions.Options": "3.1.1"
        }
      },
      "Microsoft.Extensions.Logging.Abstractions": {
        "type": "Transitive",
        "resolved": "8.0.0",
        "contentHash": "arDBqTgFCyS0EvRV7O3MZturChstm50OJ0y9bDJvAcmEPJm0FFpFyjU/JLYyStNGGey081DvnQYlncNX5SJJGA==",
        "dependencies": {
          "Microsoft.Extensions.DependencyInjection.Abstractions": "8.0.0"
        }
      },
      "Microsoft.Extensions.Options": {
        "type": "Transitive",
        "resolved": "3.1.1",
        "contentHash": "p2faCNhzXyG5oLLOV8n8dwg2rfqS4aRpIWu4qgwZMq+al3133mAQ+Hb822iwRoj3qnKM8zY4A6Jz/Vm/xWHvrA==",
        "dependencies": {
          "Microsoft.Extensions.DependencyInjection.Abstractions": "3.1.1",
          "Microsoft.Extensions.Primitives": "3.1.1"
        }
      },
      "Microsoft.Extensions.Primitives": {
        "type": "Transitive",
        "resolved": "3.1.1",
        "contentHash": "tC5Eo5DbJA+NgiIw26R5c97N02tFvtfqstUxqb/4qXPLXI2IAIWSMUkh/1c9Gw59TT9hNkLwlmLErSPlHgyJVQ=="
      },
      "Microsoft.TestPlatform.ObjectModel": {
        "type": "Transitive",
        "resolved": "17.12.0",
        "contentHash": "TDqkTKLfQuAaPcEb3pDDWnh7b3SyZF+/W9OZvWFp6eJCIiiYFdSB6taE2I6tWrFw5ywhzOb6sreoGJTI6m3rSQ=="
      },
      "Microsoft.TestPlatform.TestHost": {
        "type": "Transitive",
        "resolved": "17.12.0",
        "contentHash": "MiPEJQNyADfwZ4pJNpQex+t9/jOClBGMiCiVVFuELCMSX2nmNfvUor3uFVxNNCg30uxDP8JDYfPnMXQzsfzYyg==",
        "dependencies": {
          "Microsoft.TestPlatform.ObjectModel": "17.12.0",
          "Newtonsoft.Json": "13.0.1"
        }
      },
      "MySql.Data.EntityFrameworkCore": {
        "type": "Transitive",
        "resolved": "8.0.22",
        "contentHash": "o/+OMqQ0fw4f6COfRrbwqP0CKcqoFkCfb1Rl3mfgUcae3XqAkiA6t8rsjA1wnkxUvwfNYX+YM2w2Xa6u4QEUkA==",
        "dependencies": {
          "Microsoft.EntityFrameworkCore.Relational": "3.1.1",
          "MySql.Data": "8.0.22"
        }
      },
      "Newtonsoft.Json": {
        "type": "Transitive",
        "resolved": "13.0.4",
        "contentHash": "pdgNNMai3zv51W5aq268sujXUyx7SNdE2bj1wZcWjAQrKMFZV260lbqYop1d2GM67JI1huLRwxo9ZqnfF/lC6A=="
      },
      "Pipelines.Sockets.Unofficial": {
        "type": "Transitive",
        "resolved": "2.2.8",
        "contentHash": "zG2FApP5zxSx6OcdJQLbZDk2AVlN2BNQD6MorwIfV6gVj0RRxWPEp2LXAxqDGZqeNV1Zp0BNPcNaey/GXmTdvQ=="
      },
      "RabbitMQ.Client": {
        "type": "Transitive",
        "resolved": "6.8.1",
        "contentHash": "jNsmGgmCNw2S/NzskeN2ijtGywtH4Sk/G6jWUTD5sY9SrC27Xz6BsLIiB8hdsfjeyWCa4j4GvCIGkpE8wrjU1Q=="
      },
      "StackExchange.Redis": {
        "type": "Transitive",
        "resolved": "2.12.1",
        "contentHash": "IHxJWFM3b4g2Jrp0y7W8r27ODW6v+9oW5voJA4UNNxy0Dshn/lKqAL08kbfDKlRgB3gZFGmUX/u/mHq+mVfvwQ==",
        "dependencies": {
          "Microsoft.Extensions.Logging.Abstractions": "8.0.0",
          "Pipelines.Sockets.Unofficial": "2.2.8",
          "System.IO.Hashing": "10.0.2"
        }
      },
      "System.ComponentModel.Annotations": {
        "type": "Transitive",
        "resolved": "4.7.0",
        "contentHash": "0YFqjhp/mYkDGpU0Ye1GjE53HMp9UVfGN7seGpAMttAC0C40v5gw598jCgpbBLMmCo0E5YRLBv5Z2doypO49ZQ=="
      },
      "System.Configuration.ConfigurationManager": {
        "type": "Transitive",
        "resolved": "8.0.0",
        "contentHash": "JlYi9XVvIREURRUlGMr1F6vOFLk7YSY4p1vHo4kX3tQ0AGrjqlRWHDi66ImHhy6qwXBG3BJ6Y1QlYQ+Qz6Xgww==",
        "dependencies": {
          "System.Diagnostics.EventLog": "8.0.0",
          "System.Security.Cryptography.ProtectedData": "8.0.0"
        }
      },
      "System.Diagnostics.EventLog": {
        "type": "Transitive",
        "resolved": "8.0.0",
        "contentHash": "fdYxcRjQqTTacKId/2IECojlDSFvp7LP5N78+0z/xH7v/Tuw5ZAxu23Y6PTCRinqyu2ePx+Gn1098NC6jM6d+A=="
      },
      "System.IO.Hashing": {
        "type": "Transitive",
        "resolved": "10.0.2",
        "contentHash": "AKJknIFi9O3+rGExxTry188JPvUoZAPcCtS2qdqyFhIzsxQ1Ap94BeGDG0VzVEHakhmRxmJtVih6TsHoghIt/g=="
      },
      "System.Security.Cryptography.ProtectedData": {
        "type": "Transitive",
        "resolved": "8.0.0",
        "contentHash": "+TUFINV2q2ifyXauQXRwy4CiBhqvDEDZeVJU7qfxya4aRYOKzVBpN+4acx25VcPB9ywUN6C0n8drWl110PhZEg=="
      },
      "System.Security.Permissions": {
        "type": "Transitive",
        "resolved": "8.0.0",
        "contentHash": "v/BBylw7XevuAsHXoX9dDUUfmBIcUf7Lkz8K3ZXIKz3YRKpw8YftpSir4n4e/jDTKFoaK37AsC3xnk+GNFI1Ow==",
        "dependencies": {
          "System.Windows.Extensions": "8.0.0"
        }
      },
      "System.Windows.Extensions": {
        "type": "Transitive",
        "resolved": "8.0.0",
        "contentHash": "Obg3a90MkOw9mYKxrardLpY2u0axDMrSmy4JCdq2cYbelM2cUwmUir5Bomvd1yxmPL9h5LVHU1tuKBZpUjfASg=="
      },
      "xunit.abstractions": {
        "type": "Transitive",
        "resolved": "2.0.3",
        "contentHash": "pot1I4YOxlWjIb5jmwvvQNbTrZ3lJQ+jUGkGjWE3hEFM0l5gOnBWS+H3qsex68s5cO52g+44vpGzhAt+42vwKg=="
      },
      "xunit.analyzers": {
        "type": "Transitive",
        "resolved": "1.18.0",
        "contentHash": "OtFMHN8yqIcYP9wcVIgJrq01AfTxijjAqVDy/WeQVSyrDC1RzBWeQPztL49DN2syXRah8TYnfvk035s7L95EZQ=="
      },
      "xunit.assert": {
        "type": "Transitive",
        "resolved": "2.9.3",
        "contentHash": "/Kq28fCE7MjOV42YLVRAJzRF0WmEqsmflm0cfpMjGtzQ2lR5mYVj1/i0Y8uDAOLczkL3/jArrwehfMD0YogMAA=="
      },
      "xunit.core": {
        "type": "Transitive",
        "resolved": "2.9.3",
        "contentHash": "BiAEvqGvyme19wE0wTKdADH+NloYqikiU0mcnmiNyXaF9HyHmE6sr/3DC5vnBkgsWaE6yPyWszKSPSApWdRVeQ==",
        "dependencies": {
          "xunit.extensibility.core": "[2.9.3]",
          "xunit.extensibility.execution": "[2.9.3]"
        }
      },
      "xunit.extensibility.core": {
        "type": "Transitive",
        "resolved": "2.9.3",
        "contentHash": "kf3si0YTn2a8J8eZNb+zFpwfoyvIrQ7ivNk5ZYA5yuYk1bEtMe4DxJ2CF/qsRgmEnDr7MnW1mxylBaHTZ4qErA==",
        "dependencies": {
          "xunit.abstractions": "2.0.3"
        }
      },
      "xunit.extensibility.execution": {
        "type": "Transitive",
        "resolved": "2.9.3",
        "contentHash": "yMb6vMESlSrE3Wfj7V6cjQ3S4TXdXpRqYeNEI3zsX31uTsGMJjEw6oD5F5u1cHnMptjhEECnmZSsPxB6ChZHDQ==",
        "dependencies": {
          "xunit.extensibility.core": "[2.9.3]"
        }
      },
      "ZstdSharp.Port": {
        "type": "Transitive",
        "resolved": "0.8.5",
        "contentHash": "TR4j17WeVSEb3ncgL2NqlXEqcy04I+Kk9CaebNDplUeL8XOgjkZ7fP4Wg4grBdPLIqsV86p2QaXTkZoRMVOsew=="
      },
      "dbcacheserver": {
        "type": "Project",
        "dependencies": {
          "MySql.Data": "[9.4.0, )",
          "MySql.Data.EntityFrameworkCore": "[8.0.22, )",
          "Newtonsoft.Json": "[13.0.4, )",
          "Promotion.Core": "[1.0.0, )",
          "Promotion.Data.MySql": "[1.0.0, )",
          "RabbitMQ.Client": "[6.8.1, )",
          "StackExchange.Redis": "[2.12.1, )"
        }
      },
      "promotion.core": {
        "type": "Project",
        "dependencies": {
          "Promotion.Core.Contracts": "[1.0.0, )"
        }
      },
      "promotion.core.contracts": {
        "type": "Project"
      },
      "promotion.data.mysql": {
        "type": "Project",
        "dependencies": {
          "Promotion.Core": "[1.0.0, )"
        }
      }
    }
  }
}