Microsoft Visual Studio Solution File, Format Version 12.00
# Visual Studio Version 17
VisualStudioVersion = 17.0.31903.59
MinimumVisualStudioVersion = 10.0.40219.1
Project("{FAE04EC0-301F-11D3-BF4B-00C04F79EFBC}") = "UserSessionReward.Core", "src\UserSessionReward.Core\UserSessionReward.Core.csproj", "{E1E3902E-8454-4BE3-9B6D-749C7BDA903E}"
EndProject
Project("{FAE04EC0-301F-11D3-BF4B-00C04F79EFBC}") = "UserSessionReward.Infrastructure", "src\UserSessionReward.Infrastructure\UserSessionReward.Infrastructure.csproj", "{3D7B0F6F-5F7B-48D2-93D4-6CBFD02D0AAB}"
EndProject
Project("{FAE04EC0-301F-11D3-BF4B-00C04F79EFBC}") = "UserSessionReward.Tests", "tests\UserSessionReward.Tests\UserSessionReward.Tests.csproj", "{5B4581BF-25B9-4D6D-817D-BE6122C1577A}"
EndProject
Global
	GlobalSection(SolutionConfigurationPlatforms) = preSolution
		Debug|Any CPU = Debug|Any CPU
		Release|Any CPU = Release|Any CPU
	EndGlobalSection
	GlobalSection(ProjectConfigurationPlatforms) = postSolution
		{E1E3902E-8454-4BE3-9B6D-749C7BDA903E}.Debug|Any CPU.ActiveCfg = Debug|Any CPU
		{E1E3902E-8454-4BE3-9B6D-749C7BDA903E}.Debug|Any CPU.Build.0 = Debug|Any CPU
		{E1E3902E-8454-4BE3-9B6D-749C7BDA903E}.Release|Any CPU.ActiveCfg = Release|Any CPU
		{E1E3902E-8454-4BE3-9B6D-749C7BDA903E}.Release|Any CPU.Build.0 = Release|Any CPU
		{3D7B0F6F-5F7B-48D2-93D4-6CBFD02D0AAB}.Debug|Any CPU.ActiveCfg = Debug|Any CPU
		{3D7B0F6F-5F7B-48D2-93D4-6CBFD02D0AAB}.Debug|Any CPU.Build.0 = Debug|Any CPU
		{3D7B0F6F-5F7B-48D2-93D4-6CBFD02D0AAB}.Release|Any CPU.ActiveCfg = Release|Any CPU
		{3D7B0F6F-5F7B-48D2-93D4-6CBFD02D0AAB}.Release|Any CPU.Build.0 = Release|Any CPU
		{5B4581BF-25B9-4D6D-817D-BE6122C1577A}.Debug|Any CPU.ActiveCfg = Debug|Any CPU
		{5B4581BF-25B9-4D6D-817D-BE6122C1577A}.Debug|Any CPU.Build.0 = Debug|Any CPU
		{5B4581BF-25B9-4D6D-817D-BE6122C1577A}.Release|Any CPU.ActiveCfg = Release|Any CPU
		{5B4581BF-25B9-4D6D-817D-BE6122C1577A}.Release|Any CPU.Build.0 = Release|Any CPU
	EndGlobalSection
EndGlobal
