
Microsoft Visual Studio Solution File, Format Version 12.00
# Visual Studio Version 17
VisualStudioVersion = 17.0.31903.59
MinimumVisualStudioVersion = 10.0.40219.1
Project("{2150E333-8FDC-42A3-9474-1A3956D46DE8}") = "src", "src", "{827E0CD3-B72D-47B6-A68D-7590B98EB39B}"
EndProject
Project("{FAE04EC0-301F-11D3-BF4B-00C04F79EFBC}") = "Promotion.Core.Contracts", "src\Promotion.Core.Contracts\Promotion.Core.Contracts.csproj", "{1661082B-C524-43F7-873B-9FBE313FC187}"
EndProject
Project("{FAE04EC0-301F-11D3-BF4B-00C04F79EFBC}") = "Promotion.Core", "src\Promotion.Core\Promotion.Core.csproj", "{93FBD0DE-8652-45D4-8D31-07ECDCCF4B17}"
EndProject
Project("{2150E333-8FDC-42A3-9474-1A3956D46DE8}") = "tests", "tests", "{0AB3BF05-4346-4AA6-1389-037BE0695223}"
EndProject
Project("{FAE04EC0-301F-11D3-BF4B-00C04F79EFBC}") = "Promotion.Core.UnitTests", "tests\Promotion.Core.UnitTests\Promotion.Core.UnitTests.csproj", "{0C5FC91E-9256-40CE-B612-D10EE3541537}"
EndProject
Project("{FAE04EC0-301F-11D3-BF4B-00C04F79EFBC}") = "Promotion.Core.ContractTests", "tests\Promotion.Core.ContractTests\Promotion.Core.ContractTests.csproj", "{7D0CB203-05D0-4605-BF14-49B58979AE8B}"
EndProject
Project("{FAE04EC0-301F-11D3-BF4B-00C04F79EFBC}") = "Promotion.ArchitectureTests", "tests\Promotion.ArchitectureTests\Promotion.ArchitectureTests.csproj", "{775DEC8C-47DF-47B8-AD1A-D7FCDC664F1C}"
EndProject
Project("{FAE04EC0-301F-11D3-BF4B-00C04F79EFBC}") = "Promotion.Data.MySql", "src\Promotion.Data.MySql\Promotion.Data.MySql.csproj", "{E0C2A8B6-EE66-40FD-8F76-FCD7D0BA9A80}"
EndProject
Project("{FAE04EC0-301F-11D3-BF4B-00C04F79EFBC}") = "Promotion.Host.DBCache", "src\Promotion.Host.DBCache\Promotion.Host.DBCache.csproj", "{3354433A-FA68-41BF-97B2-F395AD33D467}"
EndProject
Project("{FAE04EC0-301F-11D3-BF4B-00C04F79EFBC}") = "Promotion.Data.MySql.IntegrationTests", "tests\Promotion.Data.MySql.IntegrationTests\Promotion.Data.MySql.IntegrationTests.csproj", "{D18886DA-6B54-4328-BB7F-AFE0985380D7}"
EndProject
Project("{FAE04EC0-301F-11D3-BF4B-00C04F79EFBC}") = "Promotion.Core.ConcurrencyTests", "tests\Promotion.Core.ConcurrencyTests\Promotion.Core.ConcurrencyTests.csproj", "{03C3A657-8CEA-4C3A-B4DD-D2550FBCB2D7}"
EndProject
Global
	GlobalSection(SolutionConfigurationPlatforms) = preSolution
		Debug|Any CPU = Debug|Any CPU
		Debug|x64 = Debug|x64
		Debug|x86 = Debug|x86
		Release|Any CPU = Release|Any CPU
		Release|x64 = Release|x64
		Release|x86 = Release|x86
	EndGlobalSection
	GlobalSection(ProjectConfigurationPlatforms) = postSolution
		{1661082B-C524-43F7-873B-9FBE313FC187}.Debug|Any CPU.ActiveCfg = Debug|Any CPU
		{1661082B-C524-43F7-873B-9FBE313FC187}.Debug|Any CPU.Build.0 = Debug|Any CPU
		{1661082B-C524-43F7-873B-9FBE313FC187}.Debug|x64.ActiveCfg = Debug|Any CPU
		{1661082B-C524-43F7-873B-9FBE313FC187}.Debug|x64.Build.0 = Debug|Any CPU
		{1661082B-C524-43F7-873B-9FBE313FC187}.Debug|x86.ActiveCfg = Debug|Any CPU
		{1661082B-C524-43F7-873B-9FBE313FC187}.Debug|x86.Build.0 = Debug|Any CPU
		{1661082B-C524-43F7-873B-9FBE313FC187}.Release|Any CPU.ActiveCfg = Release|Any CPU
		{1661082B-C524-43F7-873B-9FBE313FC187}.Release|Any CPU.Build.0 = Release|Any CPU
		{1661082B-C524-43F7-873B-9FBE313FC187}.Release|x64.ActiveCfg = Release|Any CPU
		{1661082B-C524-43F7-873B-9FBE313FC187}.Release|x64.Build.0 = Release|Any CPU
		{1661082B-C524-43F7-873B-9FBE313FC187}.Release|x86.ActiveCfg = Release|Any CPU
		{1661082B-C524-43F7-873B-9FBE313FC187}.Release|x86.Build.0 = Release|Any CPU
		{93FBD0DE-8652-45D4-8D31-07ECDCCF4B17}.Debug|Any CPU.ActiveCfg = Debug|Any CPU
		{93FBD0DE-8652-45D4-8D31-07ECDCCF4B17}.Debug|Any CPU.Build.0 = Debug|Any CPU
		{93FBD0DE-8652-45D4-8D31-07ECDCCF4B17}.Debug|x64.ActiveCfg = Debug|Any CPU
		{93FBD0DE-8652-45D4-8D31-07ECDCCF4B17}.Debug|x64.Build.0 = Debug|Any CPU
		{93FBD0DE-8652-45D4-8D31-07ECDCCF4B17}.Debug|x86.ActiveCfg = Debug|Any CPU
		{93FBD0DE-8652-45D4-8D31-07ECDCCF4B17}.Debug|x86.Build.0 = Debug|Any CPU
		{93FBD0DE-8652-45D4-8D31-07ECDCCF4B17}.Release|Any CPU.ActiveCfg = Release|Any CPU
		{93FBD0DE-8652-45D4-8D31-07ECDCCF4B17}.Release|Any CPU.Build.0 = Release|Any CPU
		{93FBD0DE-8652-45D4-8D31-07ECDCCF4B17}.Release|x64.ActiveCfg = Release|Any CPU
		{93FBD0DE-8652-45D4-8D31-07ECDCCF4B17}.Release|x64.Build.0 = Release|Any CPU
		{93FBD0DE-8652-45D4-8D31-07ECDCCF4B17}.Release|x86.ActiveCfg = Release|Any CPU
		{93FBD0DE-8652-45D4-8D31-07ECDCCF4B17}.Release|x86.Build.0 = Release|Any CPU
		{0C5FC91E-9256-40CE-B612-D10EE3541537}.Debug|Any CPU.ActiveCfg = Debug|Any CPU
		{0C5FC91E-9256-40CE-B612-D10EE3541537}.Debug|Any CPU.Build.0 = Debug|Any CPU
		{0C5FC91E-9256-40CE-B612-D10EE3541537}.Debug|x64.ActiveCfg = Debug|Any CPU
		{0C5FC91E-9256-40CE-B612-D10EE3541537}.Debug|x64.Build.0 = Debug|Any CPU
		{0C5FC91E-9256-40CE-B612-D10EE3541537}.Debug|x86.ActiveCfg = Debug|Any CPU
		{0C5FC91E-9256-40CE-B612-D10EE3541537}.Debug|x86.Build.0 = Debug|Any CPU
		{0C5FC91E-9256-40CE-B612-D10EE3541537}.Release|Any CPU.ActiveCfg = Release|Any CPU
		{0C5FC91E-9256-40CE-B612-D10EE3541537}.Release|Any CPU.Build.0 = Release|Any CPU
		{0C5FC91E-9256-40CE-B612-D10EE3541537}.Release|x64.ActiveCfg = Release|Any CPU
		{0C5FC91E-9256-40CE-B612-D10EE3541537}.Release|x64.Build.0 = Release|Any CPU
		{0C5FC91E-9256-40CE-B612-D10EE3541537}.Release|x86.ActiveCfg = Release|Any CPU
		{0C5FC91E-9256-40CE-B612-D10EE3541537}.Release|x86.Build.0 = Release|Any CPU
		{7D0CB203-05D0-4605-BF14-49B58979AE8B}.Debug|Any CPU.ActiveCfg = Debug|Any CPU
		{7D0CB203-05D0-4605-BF14-49B58979AE8B}.Debug|Any CPU.Build.0 = Debug|Any CPU
		{7D0CB203-05D0-4605-BF14-49B58979AE8B}.Debug|x64.ActiveCfg = Debug|Any CPU
		{7D0CB203-05D0-4605-BF14-49B58979AE8B}.Debug|x64.Build.0 = Debug|Any CPU
		{7D0CB203-05D0-4605-BF14-49B58979AE8B}.Debug|x86.ActiveCfg = Debug|Any CPU
		{7D0CB203-05D0-4605-BF14-49B58979AE8B}.Debug|x86.Build.0 = Debug|Any CPU
		{7D0CB203-05D0-4605-BF14-49B58979AE8B}.Release|Any CPU.ActiveCfg = Release|Any CPU
		{7D0CB203-05D0-4605-BF14-49B58979AE8B}.Release|Any CPU.Build.0 = Release|Any CPU
		{7D0CB203-05D0-4605-BF14-49B58979AE8B}.Release|x64.ActiveCfg = Release|Any CPU
		{7D0CB203-05D0-4605-BF14-49B58979AE8B}.Release|x64.Build.0 = Release|Any CPU
		{7D0CB203-05D0-4605-BF14-49B58979AE8B}.Release|x86.ActiveCfg = Release|Any CPU
		{7D0CB203-05D0-4605-BF14-49B58979AE8B}.Release|x86.Build.0 = Release|Any CPU
		{775DEC8C-47DF-47B8-AD1A-D7FCDC664F1C}.Debug|Any CPU.ActiveCfg = Debug|Any CPU
		{775DEC8C-47DF-47B8-AD1A-D7FCDC664F1C}.Debug|Any CPU.Build.0 = Debug|Any CPU
		{775DEC8C-47DF-47B8-AD1A-D7FCDC664F1C}.Debug|x64.ActiveCfg = Debug|Any CPU
		{775DEC8C-47DF-47B8-AD1A-D7FCDC664F1C}.Debug|x64.Build.0 = Debug|Any CPU
		{775DEC8C-47DF-47B8-AD1A-D7FCDC664F1C}.Debug|x86.ActiveCfg = Debug|Any CPU
		{775DEC8C-47DF-47B8-AD1A-D7FCDC664F1C}.Debug|x86.Build.0 = Debug|Any CPU
		{775DEC8C-47DF-47B8-AD1A-D7FCDC664F1C}.Release|Any CPU.ActiveCfg = Release|Any CPU
		{775DEC8C-47DF-47B8-AD1A-D7FCDC664F1C}.Release|Any CPU.Build.0 = Release|Any CPU
		{775DEC8C-47DF-47B8-AD1A-D7FCDC664F1C}.Release|x64.ActiveCfg = Release|Any CPU
		{775DEC8C-47DF-47B8-AD1A-D7FCDC664F1C}.Release|x64.Build.0 = Release|Any CPU
		{775DEC8C-47DF-47B8-AD1A-D7FCDC664F1C}.Release|x86.ActiveCfg = Release|Any CPU
		{775DEC8C-47DF-47B8-AD1A-D7FCDC664F1C}.Release|x86.Build.0 = Release|Any CPU
		{E0C2A8B6-EE66-40FD-8F76-FCD7D0BA9A80}.Debug|Any CPU.ActiveCfg = Debug|Any CPU
		{E0C2A8B6-EE66-40FD-8F76-FCD7D0BA9A80}.Debug|Any CPU.Build.0 = Debug|Any CPU
		{E0C2A8B6-EE66-40FD-8F76-FCD7D0BA9A80}.Debug|x64.ActiveCfg = Debug|Any CPU
		{E0C2A8B6-EE66-40FD-8F76-FCD7D0BA9A80}.Debug|x64.Build.0 = Debug|Any CPU
		{E0C2A8B6-EE66-40FD-8F76-FCD7D0BA9A80}.Debug|x86.ActiveCfg = Debug|Any CPU
		{E0C2A8B6-EE66-40FD-8F76-FCD7D0BA9A80}.Debug|x86.Build.0 = Debug|Any CPU
		{E0C2A8B6-EE66-40FD-8F76-FCD7D0BA9A80}.Release|Any CPU.ActiveCfg = Release|Any CPU
		{E0C2A8B6-EE66-40FD-8F76-FCD7D0BA9A80}.Release|Any CPU.Build.0 = Release|Any CPU
		{E0C2A8B6-EE66-40FD-8F76-FCD7D0BA9A80}.Release|x64.ActiveCfg = Release|Any CPU
		{E0C2A8B6-EE66-40FD-8F76-FCD7D0BA9A80}.Release|x64.Build.0 = Release|Any CPU
		{E0C2A8B6-EE66-40FD-8F76-FCD7D0BA9A80}.Release|x86.ActiveCfg = Release|Any CPU
		{E0C2A8B6-EE66-40FD-8F76-FCD7D0BA9A80}.Release|x86.Build.0 = Release|Any CPU
		{3354433A-FA68-41BF-97B2-F395AD33D467}.Debug|Any CPU.ActiveCfg = Debug|Any CPU
		{3354433A-FA68-41BF-97B2-F395AD33D467}.Debug|Any CPU.Build.0 = Debug|Any CPU
		{3354433A-FA68-41BF-97B2-F395AD33D467}.Debug|x64.ActiveCfg = Debug|Any CPU
		{3354433A-FA68-41BF-97B2-F395AD33D467}.Debug|x64.Build.0 = Debug|Any CPU
		{3354433A-FA68-41BF-97B2-F395AD33D467}.Debug|x86.ActiveCfg = Debug|Any CPU
		{3354433A-FA68-41BF-97B2-F395AD33D467}.Debug|x86.Build.0 = Debug|Any CPU
		{3354433A-FA68-41BF-97B2-F395AD33D467}.Release|Any CPU.ActiveCfg = Release|Any CPU
		{3354433A-FA68-41BF-97B2-F395AD33D467}.Release|Any CPU.Build.0 = Release|Any CPU
		{3354433A-FA68-41BF-97B2-F395AD33D467}.Release|x64.ActiveCfg = Release|Any CPU
		{3354433A-FA68-41BF-97B2-F395AD33D467}.Release|x64.Build.0 = Release|Any CPU
		{3354433A-FA68-41BF-97B2-F395AD33D467}.Release|x86.ActiveCfg = Release|Any CPU
		{3354433A-FA68-41BF-97B2-F395AD33D467}.Release|x86.Build.0 = Release|Any CPU
		{D18886DA-6B54-4328-BB7F-AFE0985380D7}.Debug|Any CPU.ActiveCfg = Debug|Any CPU
		{D18886DA-6B54-4328-BB7F-AFE0985380D7}.Debug|Any CPU.Build.0 = Debug|Any CPU
		{D18886DA-6B54-4328-BB7F-AFE0985380D7}.Debug|x64.ActiveCfg = Debug|Any CPU
		{D18886DA-6B54-4328-BB7F-AFE0985380D7}.Debug|x64.Build.0 = Debug|Any CPU
		{D18886DA-6B54-4328-BB7F-AFE0985380D7}.Debug|x86.ActiveCfg = Debug|Any CPU
		{D18886DA-6B54-4328-BB7F-AFE0985380D7}.Debug|x86.Build.0 = Debug|Any CPU
		{D18886DA-6B54-4328-BB7F-AFE0985380D7}.Release|Any CPU.ActiveCfg = Release|Any CPU
		{D18886DA-6B54-4328-BB7F-AFE0985380D7}.Release|Any CPU.Build.0 = Release|Any CPU
		{D18886DA-6B54-4328-BB7F-AFE0985380D7}.Release|x64.ActiveCfg = Release|Any CPU
		{D18886DA-6B54-4328-BB7F-AFE0985380D7}.Release|x64.Build.0 = Release|Any CPU
		{D18886DA-6B54-4328-BB7F-AFE0985380D7}.Release|x86.ActiveCfg = Release|Any CPU
		{D18886DA-6B54-4328-BB7F-AFE0985380D7}.Release|x86.Build.0 = Release|Any CPU
		{03C3A657-8CEA-4C3A-B4DD-D2550FBCB2D7}.Debug|Any CPU.ActiveCfg = Debug|Any CPU
		{03C3A657-8CEA-4C3A-B4DD-D2550FBCB2D7}.Debug|Any CPU.Build.0 = Debug|Any CPU
		{03C3A657-8CEA-4C3A-B4DD-D2550FBCB2D7}.Debug|x64.ActiveCfg = Debug|Any CPU
		{03C3A657-8CEA-4C3A-B4DD-D2550FBCB2D7}.Debug|x64.Build.0 = Debug|Any CPU
		{03C3A657-8CEA-4C3A-B4DD-D2550FBCB2D7}.Debug|x86.ActiveCfg = Debug|Any CPU
		{03C3A657-8CEA-4C3A-B4DD-D2550FBCB2D7}.Debug|x86.Build.0 = Debug|Any CPU
		{03C3A657-8CEA-4C3A-B4DD-D2550FBCB2D7}.Release|Any CPU.ActiveCfg = Release|Any CPU
		{03C3A657-8CEA-4C3A-B4DD-D2550FBCB2D7}.Release|Any CPU.Build.0 = Release|Any CPU
		{03C3A657-8CEA-4C3A-B4DD-D2550FBCB2D7}.Release|x64.ActiveCfg = Release|Any CPU
		{03C3A657-8CEA-4C3A-B4DD-D2550FBCB2D7}.Release|x64.Build.0 = Release|Any CPU
		{03C3A657-8CEA-4C3A-B4DD-D2550FBCB2D7}.Release|x86.ActiveCfg = Release|Any CPU
		{03C3A657-8CEA-4C3A-B4DD-D2550FBCB2D7}.Release|x86.Build.0 = Release|Any CPU
	EndGlobalSection
	GlobalSection(SolutionProperties) = preSolution
		HideSolutionNode = FALSE
	EndGlobalSection
	GlobalSection(NestedProjects) = preSolution
		{1661082B-C524-43F7-873B-9FBE313FC187} = {827E0CD3-B72D-47B6-A68D-7590B98EB39B}
		{93FBD0DE-8652-45D4-8D31-07ECDCCF4B17} = {827E0CD3-B72D-47B6-A68D-7590B98EB39B}
		{0C5FC91E-9256-40CE-B612-D10EE3541537} = {0AB3BF05-4346-4AA6-1389-037BE0695223}
		{7D0CB203-05D0-4605-BF14-49B58979AE8B} = {0AB3BF05-4346-4AA6-1389-037BE0695223}
		{775DEC8C-47DF-47B8-AD1A-D7FCDC664F1C} = {0AB3BF05-4346-4AA6-1389-037BE0695223}
		{E0C2A8B6-EE66-40FD-8F76-FCD7D0BA9A80} = {827E0CD3-B72D-47B6-A68D-7590B98EB39B}
		{3354433A-FA68-41BF-97B2-F395AD33D467} = {827E0CD3-B72D-47B6-A68D-7590B98EB39B}
		{D18886DA-6B54-4328-BB7F-AFE0985380D7} = {0AB3BF05-4346-4AA6-1389-037BE0695223}
		{03C3A657-8CEA-4C3A-B4DD-D2550FBCB2D7} = {0AB3BF05-4346-4AA6-1389-037BE0695223}
	EndGlobalSection
EndGlobal
